
Microsoft Visual Studio Solution File, Format Version 12.00
# Visual Studio 15
VisualStudioVersion = 15.0.27004.2005
MinimumVisualStudioVersion = 10.0.40219.1
Project("{FAE04EC0-301F-11D3-BF4B-00C04F79EFBC}") = "Belatrix.DocumentTranslator", "Belatrix.DocumentTranslator\Belatrix.DocumentTranslator.csproj", "{703C6C02-615D-409C-A59A-40F70164FF58}"
EndProject
Project("{FAE04EC0-301F-11D3-BF4B-00C04F79EFBC}") = "Belatrix.Web", "Belatrix.Web\Belatrix.Web.csproj", "{4639E92B-AEFE-48FC-96BB-1F4ECDEEDB19}"
EndProject
Global
	GlobalSection(SolutionConfigurationPlatforms) = preSolution
		Debug|Any CPU = Debug|Any CPU
		Release|Any CPU = Release|Any CPU
	EndGlobalSection
	GlobalSection(ProjectConfigurationPlatforms) = postSolution
		{703C6C02-615D-409C-A59A-40F70164FF58}.Debug|Any CPU.ActiveCfg = Debug|Any CPU
		{703C6C02-615D-409C-A59A-40F70164FF58}.Debug|Any CPU.Build.0 = Debug|Any CPU
		{703C6C02-615D-409C-A59A-40F70164FF58}.Release|Any CPU.ActiveCfg = Release|Any CPU
		{703C6C02-615D-409C-A59A-40F70164FF58}.Release|Any CPU.Build.0 = Release|Any CPU
		{4639E92B-AEFE-48FC-96BB-1F4ECDEEDB19}.Debug|Any CPU.ActiveCfg = Debug|Any CPU
		{4639E92B-AEFE-48FC-96BB-1F4ECDEEDB19}.Debug|Any CPU.Build.0 = Debug|Any CPU
		{4639E92B-AEFE-48FC-96BB-1F4ECDEEDB19}.Release|Any CPU.ActiveCfg = Release|Any CPU
		{4639E92B-AEFE-48FC-96BB-1F4ECDEEDB19}.Release|Any CPU.Build.0 = Release|Any CPU
	EndGlobalSection
	GlobalSection(SolutionProperties) = preSolution
		HideSolutionNode = FALSE
	EndGlobalSection
	GlobalSection(ExtensibilityGlobals) = postSolution
		SolutionGuid = {B7F3FE12-55BD-42E0-90FA-C99C687080A7}
	EndGlobalSection
EndGlobal
